{"filter":false,"title":"package-lock.json","tooltip":"/InfrastructureApp/package-lock.json","undoManager":{"mark":-1,"position":-1,"stack":[]},"ace":{"folds":[],"scrolltop":0,"scrollleft":0,"selection":{"start":{"row":0,"column":0},"end":{"row":0,"column":0},"isBackwards":false},"options":{"guessTabSize":true,"useWrapMode":false,"wrapToView":true},"firstLineState":0},"timestamp":1605885715589,"hash":"c2a797f0d9cb6de977542d8ecc28b8b330ff0050"}